
Microsoft Visual Studio Solution File, Format Version 12.00
# Visual Studio Version 17
VisualStudioVersion = 17.5.33530.505
MinimumVisualStudioVersion = 10.0.40219.1
Project("{FAE04EC0-301F-11D3-BF4B-00C04F79EFBC}") = "RedMango_API", "RedMango_API\RedMango_API.csproj", "{F4AAE873-5F19-4B12-949E-8CDB93FDD65D}"
EndProject
Global
	GlobalSection(SolutionConfigurationPlatforms) = preSolution
		Debug|Any CPU = Debug|Any CPU
		Release|Any CPU = Release|Any CPU
	EndGlobalSection
	GlobalSection(ProjectConfigurationPlatforms) = postSolution
		{F4AAE873-5F19-4B12-949E-8CDB93FDD65D}.Debug|Any CPU.ActiveCfg = Debug|Any CPU
		{F4AAE873-5F19-4B12-949E-8CDB93FDD65D}.Debug|Any CPU.Build.0 = Debug|Any CPU
		{F4AAE873-5F19-4B12-949E-8CDB93FDD65D}.Release|Any CPU.ActiveCfg = Release|Any CPU
		{F4AAE873-5F19-4B12-949E-8CDB93FDD65D}.Release|Any CPU.Build.0 = Release|Any CPU
	EndGlobalSection
	GlobalSection(SolutionProperties) = preSolution
		HideSolutionNode = FALSE
	EndGlobalSection
	GlobalSection(ExtensibilityGlobals) = postSolution
		SolutionGuid = {EFEAE2A4-73DC-48E0-916C-64AB1C8D7FA9}
	EndGlobalSection
EndGlobal
